{
  "name": "netcity",
  "lockfileVersion": 3,
  "requires": true,
  "packages": {
    "": {
      "name": "netcity",
      "dependencies": {
        "@micro-so/sdk": "0.14.0"
      },
      "engines": {
        "node": ">=18"
      }
    },
    "node_modules/@micro-so/sdk": {
      "version": "0.14.0",
      "resolved": "https://registry.npmjs.org/@micro-so/sdk/-/sdk-0.14.0.tgz",
      "integrity": "sha512-17giZB3V+o1+gCq8PJQQJVMMAZbB8A1Q2kOUbUFF4c5SU9YR2dSMa/ESxUeYBayLoSp7IdvM6Crzy7+ZAxcJ5A==",
      "license": "Apache-2.0"
    }
  }
}
